
Microsoft Visual Studio Solution File, Format Version 12.00
# Visual Studio 15
VisualStudioVersion = 15.0.27428.2037
MinimumVisualStudioVersion = 10.0.40219.1
Project("{FAE04EC0-301F-11D3-BF4B-00C04F79EFBC}") = "lba 1", "lba 1\lba 1.csproj", "{4DDC2F5A-02AD-40AA-B05F-A6D450937F42}"
EndProject
Global
	GlobalSection(SolutionConfigurationPlatforms) = preSolution
		Debug|Any CPU = Debug|Any CPU
		Release|Any CPU = Release|Any CPU
	EndGlobalSection
	GlobalSection(ProjectConfigurationPlatforms) = postSolution
		{4DDC2F5A-02AD-40AA-B05F-A6D450937F42}.Debug|Any CPU.ActiveCfg = Debug|Any CPU
		{4DDC2F5A-02AD-40AA-B05F-A6D450937F42}.Debug|Any CPU.Build.0 = Debug|Any CPU
		{4DDC2F5A-02AD-40AA-B05F-A6D450937F42}.Release|Any CPU.ActiveCfg = Release|Any CPU
		{4DDC2F5A-02AD-40AA-B05F-A6D450937F42}.Release|Any CPU.Build.0 = Release|Any CPU
	EndGlobalSection
	GlobalSection(SolutionProperties) = preSolution
		HideSolutionNode = FALSE
	EndGlobalSection
	GlobalSection(ExtensibilityGlobals) = postSolution
		SolutionGuid = {93B22D98-E6C9-4A00-AE5E-386C784A8421}
	EndGlobalSection
EndGlobal
